// !$*UTF8*$!
{
	archiveVersion = 1;
	classes = {
	};
	objectVersion = 56;
	objects = {

/* Begin PBXBuildFile section */
		1A2B3C4D5E6F000000000001 /* PhotoSwipeCleanerApp.swift in Sources */ = {isa = PBXBuildFile; fileRef = 1A2B3C4D5E6F000000000011 /* PhotoSwipeCleanerApp.swift */; };
		1A2B3C4D5E6F000000000002 /* ReviewModels.swift in Sources */ = {isa = PBXBuildFile; fileRef = 1A2B3C4D5E6F000000000012 /* ReviewModels.swift */; };
		1A2B3C4D5E6F000000000003 /* PhotoLibraryService.swift in Sources */ = {isa = PBXBuildFile; fileRef = 1A2B3C4D5E6F000000000013 /* PhotoLibraryService.swift */; };
		1A2B3C4D5E6F000000000004 /* ReviewSessionStore.swift in Sources */ = {isa = PBXBuildFile; fileRef = 1A2B3C4D5E6F000000000014 /* ReviewSessionStore.swift */; };
		1A2B3C4D5E6F000000000005 /* RootView.swift in Sources */ = {isa = PBXBuildFile; fileRef = 1A2B3C4D5E6F000000000015 /* RootView.swift */; };
		1A2B3C4D5E6F000000000006 /* PermissionView.swift in Sources */ = {isa = PBXBuildFile; fileRef = 1A2B3C4D5E6F000000000016 /* PermissionView.swift */; };
		1A2B3C4D5E6F000000000007 /* ReviewScreenView.swift in Sources */ = {isa = PBXBuildFile; fileRef = 1A2B3C4D5E6F000000000017 /* ReviewScreenView.swift */; };
		1A2B3C4D5E6F000000000008 /* PhotoCardView.swift in Sources */ = {isa = PBXBuildFile; fileRef = 1A2B3C4D5E6F000000000018 /* PhotoCardView.swift */; };
		1A2B3C4D5E6F000000000009 /* GroupConfirmationView.swift in Sources */ = {isa = PBXBuildFile; fileRef = 1A2B3C4D5E6F000000000019 /* GroupConfirmationView.swift */; };
		1A2B3C4D5E6F00000000000A /* SettingsView.swift in Sources */ = {isa = PBXBuildFile; fileRef = 1A2B3C4D5E6F00000000001A /* SettingsView.swift */; };
		1A2B3C4D5E6F00000000000B /* ThumbnailGridView.swift in Sources */ = {isa = PBXBuildFile; fileRef = 1A2B3C4D5E6F00000000001B /* ThumbnailGridView.swift */; };
		1A2B3C4D5E6F00000000000C /* Photos.framework in Frameworks */ = {isa = PBXBuildFile; fileRef = 1A2B3C4D5E6F000000000020 /* Photos.framework */; };
		1A2B3C4D5E6F00000000000D /* HapticFeedback.swift in Sources */ = {isa = PBXBuildFile; fileRef = 1A2B3C4D5E6F00000000001D /* HapticFeedback.swift */; };
		1A2B3C4D5E6F00000000000E /* Assets.xcassets in Resources */ = {isa = PBXBuildFile; fileRef = 1A2B3C4D5E6F00000000001E /* Assets.xcassets */; };
/* End PBXBuildFile section */

/* Begin PBXFileReference section */
		1A2B3C4D5E6F000000000011 /* PhotoSwipeCleanerApp.swift */ = {isa = PBXFileReference; lastKnownFileType = sourcecode.swift; path = PhotoSwipeCleanerApp.swift; sourceTree = "<group>"; };
		1A2B3C4D5E6F000000000012 /* ReviewModels.swift */ = {isa = PBXFileReference; lastKnownFileType = sourcecode.swift; path = ReviewModels.swift; sourceTree = "<group>"; };
		1A2B3C4D5E6F000000000013 /* PhotoLibraryService.swift */ = {isa = PBXFileReference; lastKnownFileType = sourcecode.swift; path = PhotoLibraryService.swift; sourceTree = "<group>"; };
		1A2B3C4D5E6F000000000014 /* ReviewSessionStore.swift */ = {isa = PBXFileReference; lastKnownFileType = sourcecode.swift; path = ReviewSessionStore.swift; sourceTree = "<group>"; };
		1A2B3C4D5E6F000000000015 /* RootView.swift */ = {isa = PBXFileReference; lastKnownFileType = sourcecode.swift; path = RootView.swift; sourceTree = "<group>"; };
		1A2B3C4D5E6F000000000016 /* PermissionView.swift */ = {isa = PBXFileReference; lastKnownFileType = sourcecode.swift; path = PermissionView.swift; sourceTree = "<group>"; };
		1A2B3C4D5E6F000000000017 /* ReviewScreenView.swift */ = {isa = PBXFileReference; lastKnownFileType = sourcecode.swift; path = ReviewScreenView.swift; sourceTree = "<group>"; };
		1A2B3C4D5E6F000000000018 /* PhotoCardView.swift */ = {isa = PBXFileReference; lastKnownFileType = sourcecode.swift; path = PhotoCardView.swift; sourceTree = "<group>"; };
		1A2B3C4D5E6F000000000019 /* GroupConfirmationView.swift */ = {isa = PBXFileReference; lastKnownFileType = sourcecode.swift; path = GroupConfirmationView.swift; sourceTree = "<group>"; };
		1A2B3C4D5E6F00000000001A /* SettingsView.swift */ = {isa = PBXFileReference; lastKnownFileType = sourcecode.swift; path = SettingsView.swift; sourceTree = "<group>"; };
		1A2B3C4D5E6F00000000001B /* ThumbnailGridView.swift */ = {isa = PBXFileReference; lastKnownFileType = sourcecode.swift; path = ThumbnailGridView.swift; sourceTree = "<group>"; };
		1A2B3C4D5E6F00000000001C /* Info.plist */ = {isa = PBXFileReference; lastKnownFileType = text.plist.xml; path = Info.plist; sourceTree = "<group>"; };
		1A2B3C4D5E6F00000000001D /* HapticFeedback.swift */ = {isa = PBXFileReference; lastKnownFileType = sourcecode.swift; path = HapticFeedback.swift; sourceTree = "<group>"; };
		1A2B3C4D5E6F00000000001E /* Assets.xcassets */ = {isa = PBXFileReference; lastKnownFileType = folder.assetcatalog; path = Assets.xcassets; sourceTree = "<group>"; };
		1A2B3C4D5E6F000000000020 /* Photos.framework */ = {isa = PBXFileReference; lastKnownFileType = wrapper.framework; name = Photos.framework; path = System/Library/Frameworks/Photos.framework; sourceTree = SDKROOT; };
		1A2B3C4D5E6F000000000030 /* PhotoSwipeCleaner.app */ = {isa = PBXFileReference; explicitFileType = wrapper.application; includeInIndex = 0; path = PhotoSwipeCleaner.app; sourceTree = BUILT_PRODUCTS_DIR; };
/* End PBXFileReference section */

/* Begin PBXFrameworksBuildPhase section */
		1A2B3C4D5E6F000000000040 /* Frameworks */ = {
			isa = PBXFrameworksBuildPhase;
			buildActionMask = 2147483647;
			files = (
				1A2B3C4D5E6F00000000000C /* Photos.framework in Frameworks */,
			);
			runOnlyForDeploymentPostprocessing = 0;
		};
/* End PBXFrameworksBuildPhase section */

/* Begin PBXGroup section */
		1A2B3C4D5E6F000000000050 = {
			isa = PBXGroup;
			children = (
				1A2B3C4D5E6F000000000051 /* PhotoSwipeCleaner */,
				1A2B3C4D5E6F000000000060 /* Products */,
				CB4E7CCF2FBB0C96002138D1 /* Recovered References */,
			);
			sourceTree = "<group>";
		};
		1A2B3C4D5E6F000000000051 /* PhotoSwipeCleaner */ = {
			isa = PBXGroup;
			children = (
				1A2B3C4D5E6F000000000011 /* PhotoSwipeCleanerApp.swift */,
				1A2B3C4D5E6F00000000001C /* Info.plist */,
				1A2B3C4D5E6F00000000001E /* Assets.xcassets */,
				1A2B3C4D5E6F000000000052 /* Models */,
				1A2B3C4D5E6F000000000053 /* Services */,
				1A2B3C4D5E6F000000000054 /* Views */,
			);
			path = PhotoSwipeCleaner;
			sourceTree = "<group>";
		};
		1A2B3C4D5E6F000000000052 /* Models */ = {
			isa = PBXGroup;
			children = (
				1A2B3C4D5E6F000000000012 /* ReviewModels.swift */,
			);
			path = Models;
			sourceTree = "<group>";
		};
		1A2B3C4D5E6F000000000053 /* Services */ = {
			isa = PBXGroup;
			children = (
				1A2B3C4D5E6F000000000013 /* PhotoLibraryService.swift */,
				1A2B3C4D5E6F000000000014 /* ReviewSessionStore.swift */,
				1A2B3C4D5E6F00000000001D /* HapticFeedback.swift */,
			);
			path = Services;
			sourceTree = "<group>";
		};
		1A2B3C4D5E6F000000000054 /* Views */ = {
			isa = PBXGroup;
			children = (
				1A2B3C4D5E6F000000000015 /* RootView.swift */,
				1A2B3C4D5E6F000000000016 /* PermissionView.swift */,
				1A2B3C4D5E6F000000000017 /* ReviewScreenView.swift */,
				1A2B3C4D5E6F000000000018 /* PhotoCardView.swift */,
				1A2B3C4D5E6F000000000019 /* GroupConfirmationView.swift */,
				1A2B3C4D5E6F00000000001A /* SettingsView.swift */,
				1A2B3C4D5E6F00000000001B /* ThumbnailGridView.swift */,
			);
			path = Views;
			sourceTree = "<group>";
		};
		1A2B3C4D5E6F000000000060 /* Products */ = {
			isa = PBXGroup;
			children = (
				1A2B3C4D5E6F000000000030 /* PhotoSwipeCleaner.app */,
			);
			name = Products;
			sourceTree = "<group>";
		};
		CB4E7CCF2FBB0C96002138D1 /* Recovered References */ = {
			isa = PBXGroup;
			children = (
				1A2B3C4D5E6F000000000020 /* Photos.framework */,
			);
			name = "Recovered References";
			sourceTree = "<group>";
		};
/* End PBXGroup section */

/* Begin PBXNativeTarget section */
		1A2B3C4D5E6F000000000070 /* PhotoSwipeCleaner */ = {
			isa = PBXNativeTarget;
			buildConfigurationList = 1A2B3C4D5E6F000000000090 /* Build configuration list for PBXNativeTarget "PhotoSwipeCleaner" */;
			buildPhases = (
				1A2B3C4D5E6F000000000071 /* Sources */,
				1A2B3C4D5E6F000000000040 /* Frameworks */,
				1A2B3C4D5E6F000000000072 /* Resources */,
			);
			buildRules = (
			);
			dependencies = (
			);
			name = PhotoSwipeCleaner;
			productName = PhotoSwipeCleaner;
			productReference = 1A2B3C4D5E6F000000000030 /* PhotoSwipeCleaner.app */;
			productType = "com.apple.product-type.application";
		};
/* End PBXNativeTarget section */

/* Begin PBXProject section */
		1A2B3C4D5E6F000000000080 /* Project object */ = {
			isa = PBXProject;
			attributes = {
				BuildIndependentTargetsInParallel = 1;
				LastSwiftUpdateCheck = 1630;
				LastUpgradeCheck = 1630;
				TargetAttributes = {
					1A2B3C4D5E6F000000000070 = {
						CreatedOnToolsVersion = 16.3;
					};
				};
			};
			buildConfigurationList = 1A2B3C4D5E6F000000000091 /* Build configuration list for PBXProject "PhotoSwipeCleaner" */;
			compatibilityVersion = "Xcode 14.0";
			developmentRegion = en;
			hasScannedForEncodings = 0;
			knownRegions = (
				en,
				Base,
			);
			mainGroup = 1A2B3C4D5E6F000000000050;
			productRefGroup = 1A2B3C4D5E6F000000000060 /* Products */;
			projectDirPath = "";
			projectRoot = "";
			targets = (
				1A2B3C4D5E6F000000000070 /* PhotoSwipeCleaner */,
			);
		};
/* End PBXProject section */

/* Begin PBXResourcesBuildPhase section */
		1A2B3C4D5E6F000000000072 /* Resources */ = {
			isa = PBXResourcesBuildPhase;
			buildActionMask = 2147483647;
			files = (
				1A2B3C4D5E6F00000000000E /* Assets.xcassets in Resources */,
			);
			runOnlyForDeploymentPostprocessing = 0;
		};
/* End PBXResourcesBuildPhase section */

/* Begin PBXSourcesBuildPhase section */
		1A2B3C4D5E6F000000000071 /* Sources */ = {
			isa = PBXSourcesBuildPhase;
			buildActionMask = 2147483647;
			files = (
				1A2B3C4D5E6F000000000001 /* PhotoSwipeCleanerApp.swift in Sources */,
				1A2B3C4D5E6F000000000002 /* ReviewModels.swift in Sources */,
				1A2B3C4D5E6F000000000003 /* PhotoLibraryService.swift in Sources */,
				1A2B3C4D5E6F000000000004 /* ReviewSessionStore.swift in Sources */,
				1A2B3C4D5E6F000000000005 /* RootView.swift in Sources */,
				1A2B3C4D5E6F000000000006 /* PermissionView.swift in Sources */,
				1A2B3C4D5E6F000000000007 /* ReviewScreenView.swift in Sources */,
				1A2B3C4D5E6F000000000008 /* PhotoCardView.swift in Sources */,
				1A2B3C4D5E6F000000000009 /* GroupConfirmationView.swift in Sources */,
				1A2B3C4D5E6F00000000000A /* SettingsView.swift in Sources */,
				1A2B3C4D5E6F00000000000B /* ThumbnailGridView.swift in Sources */,
				1A2B3C4D5E6F00000000000D /* HapticFeedback.swift in Sources */,
			);
			runOnlyForDeploymentPostprocessing = 0;
		};
/* End PBXSourcesBuildPhase section */

/* Begin XCBuildConfiguration section */
		1A2B3C4D5E6F0000000000A0 /* Debug */ = {
			isa = XCBuildConfiguration;
			buildSettings = {
				ALWAYS_SEARCH_USER_PATHS = NO;
				ASSETCATALOG_COMPILER_APPICON_NAME = AppIcon;
				CLANG_ENABLE_MODULES = YES;
				CODE_SIGN_STYLE = Automatic;
				DEVELOPMENT_TEAM = "";
				ENABLE_PREVIEWS = YES;
				GENERATE_INFOPLIST_FILE = NO;
				INFOPLIST_FILE = PhotoSwipeCleaner/Info.plist;
				INFOPLIST_KEY_UIApplicationSupportsIndirectInputEvents = YES;
				IPHONEOS_DEPLOYMENT_TARGET = 17.0;
				LD_RUNPATH_SEARCH_PATHS = (
					"$(inherited)",
					"@executable_path/Frameworks",
				);
				MARKETING_VERSION = 1.0.0;
				ONLY_ACTIVE_ARCH = YES;
				PRODUCT_BUNDLE_IDENTIFIER = io.github.songjack152.PhotoLite;
				PRODUCT_NAME = "$(TARGET_NAME)";
				SDKROOT = iphoneos;
				SUPPORTED_PLATFORMS = "iphoneos iphonesimulator";
				SWIFT_EMIT_LOC_STRINGS = YES;
				SWIFT_VERSION = 5.0;
				TARGETED_DEVICE_FAMILY = 1;
			};
			name = Debug;
		};
		1A2B3C4D5E6F0000000000A1 /* Release */ = {
			isa = XCBuildConfiguration;
			buildSettings = {
				ALWAYS_SEARCH_USER_PATHS = NO;
				ASSETCATALOG_COMPILER_APPICON_NAME = AppIcon;
				CLANG_ENABLE_MODULES = YES;
				CODE_SIGN_STYLE = Automatic;
				DEVELOPMENT_TEAM = "";
				ENABLE_PREVIEWS = YES;
				GENERATE_INFOPLIST_FILE = NO;
				INFOPLIST_FILE = PhotoSwipeCleaner/Info.plist;
				INFOPLIST_KEY_UIApplicationSupportsIndirectInputEvents = YES;
				IPHONEOS_DEPLOYMENT_TARGET = 17.0;
				LD_RUNPATH_SEARCH_PATHS = (
					"$(inherited)",
					"@executable_path/Frameworks",
				);
				MARKETING_VERSION = 1.0.0;
				PRODUCT_BUNDLE_IDENTIFIER = io.github.songjack152.PhotoLite;
				PRODUCT_NAME = "$(TARGET_NAME)";
				SDKROOT = iphoneos;
				SUPPORTED_PLATFORMS = "iphoneos iphonesimulator";
				SWIFT_EMIT_LOC_STRINGS = YES;
				SWIFT_VERSION = 5.0;
				TARGETED_DEVICE_FAMILY = 1;
			};
			name = Release;
		};
		1A2B3C4D5E6F0000000000A2 /* Debug */ = {
			isa = XCBuildConfiguration;
			buildSettings = {
				ALWAYS_SEARCH_USER_PATHS = NO;
				CLANG_ENABLE_MODULES = YES;
				CODE_SIGN_STYLE = Automatic;
				DEVELOPMENT_TEAM = "";
				ENABLE_PREVIEWS = YES;
				GENERATE_INFOPLIST_FILE = NO;
				IPHONEOS_DEPLOYMENT_TARGET = 17.0;
				LD_RUNPATH_SEARCH_PATHS = (
					"$(inherited)",
					"@executable_path/Frameworks",
				);
				MARKETING_VERSION = 1.0.0;
				PRODUCT_BUNDLE_IDENTIFIER = io.github.songjack152.PhotoLite;
				PRODUCT_NAME = "$(TARGET_NAME)";
				SDKROOT = iphoneos;
				SUPPORTED_PLATFORMS = "iphoneos iphonesimulator";
				SWIFT_VERSION = 5.0;
				TARGETED_DEVICE_FAMILY = 1;
			};
			name = Debug;
		};
		1A2B3C4D5E6F0000000000A3 /* Release */ = {
			isa = XCBuildConfiguration;
			buildSettings = {
				ALWAYS_SEARCH_USER_PATHS = NO;
				CLANG_ENABLE_MODULES = YES;
				CODE_SIGN_STYLE = Automatic;
				DEVELOPMENT_TEAM = "";
				ENABLE_PREVIEWS = YES;
				GENERATE_INFOPLIST_FILE = NO;
				IPHONEOS_DEPLOYMENT_TARGET = 17.0;
				LD_RUNPATH_SEARCH_PATHS = (
					"$(inherited)",
					"@executable_path/Frameworks",
				);
				MARKETING_VERSION = 1.0.0;
				PRODUCT_BUNDLE_IDENTIFIER = io.github.songjack152.PhotoLite;
				PRODUCT_NAME = "$(TARGET_NAME)";
				SDKROOT = iphoneos;
				SUPPORTED_PLATFORMS = "iphoneos iphonesimulator";
				SWIFT_VERSION = 5.0;
				TARGETED_DEVICE_FAMILY = 1;
			};
			name = Release;
		};
/* End XCBuildConfiguration section */

/* Begin XCConfigurationList section */
		1A2B3C4D5E6F000000000090 /* Build configuration list for PBXNativeTarget "PhotoSwipeCleaner" */ = {
			isa = XCConfigurationList;
			buildConfigurations = (
				1A2B3C4D5E6F0000000000A0 /* Debug */,
				1A2B3C4D5E6F0000000000A1 /* Release */,
			);
			defaultConfigurationIsVisible = 0;
			defaultConfigurationName = Release;
		};
		1A2B3C4D5E6F000000000091 /* Build configuration list for PBXProject "PhotoSwipeCleaner" */ = {
			isa = XCConfigurationList;
			buildConfigurations = (
				1A2B3C4D5E6F0000000000A2 /* Debug */,
				1A2B3C4D5E6F0000000000A3 /* Release */,
			);
			defaultConfigurationIsVisible = 0;
			defaultConfigurationName = Release;
		};
/* End XCConfigurationList section */
	};
	rootObject = 1A2B3C4D5E6F000000000080 /* Project object */;
}
